
Microsoft Visual Studio Solution File, Format Version 12.00
# Visual Studio Version 16
VisualStudioVersion = 16.0.30413.136
MinimumVisualStudioVersion = 10.0.40219.1
Project("{8BC9CEB8-8B4A-11D0-8D11-00A0C91BC942}") = "HonGong2", "HonGong2.vcxproj", "{0F13830F-E42B-4CE7-A2FF-245E45825011}"
EndProject
Global
	GlobalSection(SolutionConfigurationPlatforms) = preSolution
		Debug|x64 = Debug|x64
		Debug|x86 = Debug|x86
		Release|x64 = Release|x64
		Release|x86 = Release|x86
	EndGlobalSection
	GlobalSection(ProjectConfigurationPlatforms) = postSolution
		{0F13830F-E42B-4CE7-A2FF-245E45825011}.Debug|x64.ActiveCfg = Debug|x64
		{0F13830F-E42B-4CE7-A2FF-245E45825011}.Debug|x64.Build.0 = Debug|x64
		{0F13830F-E42B-4CE7-A2FF-245E45825011}.Debug|x86.ActiveCfg = Debug|Win32
		{0F13830F-E42B-4CE7-A2FF-245E45825011}.Debug|x86.Build.0 = Debug|Win32
		{0F13830F-E42B-4CE7-A2FF-245E45825011}.Release|x64.ActiveCfg = Release|x64
		{0F13830F-E42B-4CE7-A2FF-245E45825011}.Release|x64.Build.0 = Release|x64
		{0F13830F-E42B-4CE7-A2FF-245E45825011}.Release|x86.ActiveCfg = Release|Win32
		{0F13830F-E42B-4CE7-A2FF-245E45825011}.Release|x86.Build.0 = Release|Win32
	EndGlobalSection
	GlobalSection(SolutionProperties) = preSolution
		HideSolutionNode = FALSE
	EndGlobalSection
	GlobalSection(ExtensibilityGlobals) = postSolution
		SolutionGuid = {DB908B2E-06B1-464C-8330-95BD9DD1840C}
	EndGlobalSection
EndGlobal
