
Microsoft Visual Studio Solution File, Format Version 12.00
# Visual Studio Version 16
VisualStudioVersion = 16.0.30413.136
MinimumVisualStudioVersion = 10.0.40219.1
Project("{8BC9CEB8-8B4A-11D0-8D11-00A0C91BC942}") = "HonGong2", "HonGong2.vcxproj", "{D7251B10-FE37-4D19-85BC-3FAF51F59926}"
EndProject
Global
	GlobalSection(SolutionConfigurationPlatforms) = preSolution
		Debug|x64 = Debug|x64
		Debug|x86 = Debug|x86
		Release|x64 = Release|x64
		Release|x86 = Release|x86
	EndGlobalSection
	GlobalSection(ProjectConfigurationPlatforms) = postSolution
		{D7251B10-FE37-4D19-85BC-3FAF51F59926}.Debug|x64.ActiveCfg = Debug|x64
		{D7251B10-FE37-4D19-85BC-3FAF51F59926}.Debug|x64.Build.0 = Debug|x64
		{D7251B10-FE37-4D19-85BC-3FAF51F59926}.Debug|x86.ActiveCfg = Debug|Win32
		{D7251B10-FE37-4D19-85BC-3FAF51F59926}.Debug|x86.Build.0 = Debug|Win32
		{D7251B10-FE37-4D19-85BC-3FAF51F59926}.Release|x64.ActiveCfg = Release|x64
		{D7251B10-FE37-4D19-85BC-3FAF51F59926}.Release|x64.Build.0 = Release|x64
		{D7251B10-FE37-4D19-85BC-3FAF51F59926}.Release|x86.ActiveCfg = Release|Win32
		{D7251B10-FE37-4D19-85BC-3FAF51F59926}.Release|x86.Build.0 = Release|Win32
	EndGlobalSection
	GlobalSection(SolutionProperties) = preSolution
		HideSolutionNode = FALSE
	EndGlobalSection
	GlobalSection(ExtensibilityGlobals) = postSolution
		SolutionGuid = {CFBEEA7C-EF65-4BC7-A57B-21BAC3746E87}
	EndGlobalSection
EndGlobal
