
Microsoft Visual Studio Solution File, Format Version 12.00
# Visual Studio Version 16
VisualStudioVersion = 16.0.30413.136
MinimumVisualStudioVersion = 10.0.40219.1
Project("{8BC9CEB8-8B4A-11D0-8D11-00A0C91BC942}") = "Report2", "Report2.vcxproj", "{173C35B7-5371-4795-8B95-40EA7CFF7A86}"
EndProject
Global
	GlobalSection(SolutionConfigurationPlatforms) = preSolution
		Debug|x64 = Debug|x64
		Debug|x86 = Debug|x86
		Release|x64 = Release|x64
		Release|x86 = Release|x86
	EndGlobalSection
	GlobalSection(ProjectConfigurationPlatforms) = postSolution
		{173C35B7-5371-4795-8B95-40EA7CFF7A86}.Debug|x64.ActiveCfg = Debug|x64
		{173C35B7-5371-4795-8B95-40EA7CFF7A86}.Debug|x64.Build.0 = Debug|x64
		{173C35B7-5371-4795-8B95-40EA7CFF7A86}.Debug|x86.ActiveCfg = Debug|Win32
		{173C35B7-5371-4795-8B95-40EA7CFF7A86}.Debug|x86.Build.0 = Debug|Win32
		{173C35B7-5371-4795-8B95-40EA7CFF7A86}.Release|x64.ActiveCfg = Release|x64
		{173C35B7-5371-4795-8B95-40EA7CFF7A86}.Release|x64.Build.0 = Release|x64
		{173C35B7-5371-4795-8B95-40EA7CFF7A86}.Release|x86.ActiveCfg = Release|Win32
		{173C35B7-5371-4795-8B95-40EA7CFF7A86}.Release|x86.Build.0 = Release|Win32
	EndGlobalSection
	GlobalSection(SolutionProperties) = preSolution
		HideSolutionNode = FALSE
	EndGlobalSection
	GlobalSection(ExtensibilityGlobals) = postSolution
		SolutionGuid = {A00810D5-2951-4899-8B46-1B9AFC2F9BDD}
	EndGlobalSection
EndGlobal
