
Microsoft Visual Studio Solution File, Format Version 12.00
# Visual Studio Version 16
VisualStudioVersion = 16.0.30611.23
MinimumVisualStudioVersion = 10.0.40219.1
Project("{8BC9CEB8-8B4A-11D0-8D11-00A0C91BC942}") = "Project3_1_2by2", "Project3_1_2by2.vcxproj", "{61F09513-6173-43CF-8803-4164DF278DD5}"
EndProject
Global
	GlobalSection(SolutionConfigurationPlatforms) = preSolution
		Debug|x64 = Debug|x64
		Debug|x86 = Debug|x86
		Release|x64 = Release|x64
		Release|x86 = Release|x86
	EndGlobalSection
	GlobalSection(ProjectConfigurationPlatforms) = postSolution
		{61F09513-6173-43CF-8803-4164DF278DD5}.Debug|x64.ActiveCfg = Debug|x64
		{61F09513-6173-43CF-8803-4164DF278DD5}.Debug|x64.Build.0 = Debug|x64
		{61F09513-6173-43CF-8803-4164DF278DD5}.Debug|x86.ActiveCfg = Debug|Win32
		{61F09513-6173-43CF-8803-4164DF278DD5}.Debug|x86.Build.0 = Debug|Win32
		{61F09513-6173-43CF-8803-4164DF278DD5}.Release|x64.ActiveCfg = Release|x64
		{61F09513-6173-43CF-8803-4164DF278DD5}.Release|x64.Build.0 = Release|x64
		{61F09513-6173-43CF-8803-4164DF278DD5}.Release|x86.ActiveCfg = Release|Win32
		{61F09513-6173-43CF-8803-4164DF278DD5}.Release|x86.Build.0 = Release|Win32
	EndGlobalSection
	GlobalSection(SolutionProperties) = preSolution
		HideSolutionNode = FALSE
	EndGlobalSection
	GlobalSection(ExtensibilityGlobals) = postSolution
		SolutionGuid = {D96FFA20-C0B7-433F-800E-D2F8AC49334F}
	EndGlobalSection
EndGlobal
